
Microsoft Visual Studio Solution File, Format Version 12.00
# Visual Studio Version 16
VisualStudioVersion = 16.0.30413.136
MinimumVisualStudioVersion = 10.0.40219.1
Project("{FAE04EC0-301F-11D3-BF4B-00C04F79EFBC}") = "Prikladskolanovy", "Prikladskolanovy\Prikladskolanovy.csproj", "{60E90109-20C8-47CC-BC4A-079F2D051B30}"
EndProject
Project("{FAE04EC0-301F-11D3-BF4B-00C04F79EFBC}") = "AnaN", "AnaN\AnaN.csproj", "{F1210A72-DF38-404B-BF14-4F943D7C9CB0}"
EndProject
Global
	GlobalSection(SolutionConfigurationPlatforms) = preSolution
		Debug|Any CPU = Debug|Any CPU
		Release|Any CPU = Release|Any CPU
	EndGlobalSection
	GlobalSection(ProjectConfigurationPlatforms) = postSolution
		{60E90109-20C8-47CC-BC4A-079F2D051B30}.Debug|Any CPU.ActiveCfg = Debug|Any CPU
		{60E90109-20C8-47CC-BC4A-079F2D051B30}.Debug|Any CPU.Build.0 = Debug|Any CPU
		{60E90109-20C8-47CC-BC4A-079F2D051B30}.Release|Any CPU.ActiveCfg = Release|Any CPU
		{60E90109-20C8-47CC-BC4A-079F2D051B30}.Release|Any CPU.Build.0 = Release|Any CPU
		{F1210A72-DF38-404B-BF14-4F943D7C9CB0}.Debug|Any CPU.ActiveCfg = Debug|Any CPU
		{F1210A72-DF38-404B-BF14-4F943D7C9CB0}.Debug|Any CPU.Build.0 = Debug|Any CPU
		{F1210A72-DF38-404B-BF14-4F943D7C9CB0}.Release|Any CPU.ActiveCfg = Release|Any CPU
		{F1210A72-DF38-404B-BF14-4F943D7C9CB0}.Release|Any CPU.Build.0 = Release|Any CPU
	EndGlobalSection
	GlobalSection(SolutionProperties) = preSolution
		HideSolutionNode = FALSE
	EndGlobalSection
	GlobalSection(ExtensibilityGlobals) = postSolution
		SolutionGuid = {35AA6396-C745-44BD-84BE-7C139BED7D0A}
	EndGlobalSection
EndGlobal
